<?xml version="1.0" encoding="utf-8"?>
<Project ToolsVersion="4.0" xmlns="http://schemas.microsoft.com/developer/msbuild/2003">
  <ItemGroup>
    <ClCompile Include="TestDice.cpp">
      <Filter>Source Files</Filter>
    </ClCompile>
    <ClCompile Include="TestCell.cpp">
      <Filter>Source Files</Filter>
    </ClCompile>
    <ClCompile Include="TestFighter.cpp">
      <Filter>Source Files</Filter>
    </ClCompile>
    <ClCompile Include="TestGame.cpp">
      <Filter>Source Files</Filter>
    </ClCompile>
    <ClCompile Include="TestMap.cpp">
      <Filter>Source Files</Filter>
    </ClCompile>
    <ClCompile Include="..\Game\Armor.cpp">
      <Filter>Source Files</Filter>
    </ClCompile>
    <ClCompile Include="..\Game\Belt.cpp">
      <Filter>Source Files</Filter>
    </ClCompile>
    <ClCompile Include="..\Game\Boots.cpp">
      <Filter>Source Files</Filter>
    </ClCompile>
    <ClCompile Include="..\Game\Cell.cpp">
      <Filter>Source Files</Filter>
    </ClCompile>
    <ClCompile Include="..\Game\Container.cpp">
      <Filter>Source Files</Filter>
    </ClCompile>
    <ClCompile Include="..\Game\Dice.cpp">
      <Filter>Source Files</Filter>
    </ClCompile>
    <ClCompile Include="..\Game\Helmet.cpp">
      <Filter>Source Files</Filter>
    </ClCompile>
    <ClCompile Include="..\Game\Item.cpp">
      <Filter>Source Files</Filter>
    </ClCompile>
    <ClCompile Include="..\Game\Map.cpp">
      <Filter>Source Files</Filter>
    </ClCompile>
    <ClCompile Include="..\Game\Ring.cpp">
      <Filter>Source Files</Filter>
    </ClCompile>
    <ClCompile Include="..\Game\Shield.cpp">
      <Filter>Source Files</Filter>
    </ClCompile>
    <ClCompile Include="..\Game\Weapon.cpp">
      <Filter>Source Files</Filter>
    </ClCompile>
    <ClCompile Include="TestContainer.cpp">
      <Filter>Source Files</Filter>
    </ClCompile>
    <ClCompile Include="TestItem.cpp">
      <Filter>Source Files</Filter>
    </ClCompile>
    <ClCompile Include="..\Game\Chest.cpp">
      <Filter>Source Files</Filter>
    </ClCompile>
    <ClCompile Include="..\Game\Door.cpp">
      <Filter>Source Files</Filter>
    </ClCompile>
    <ClCompile Include="..\Game\Character.cpp">
      <Filter>Source Files</Filter>
    </ClCompile>
    <ClCompile Include="CharacterObserverTest.cpp">
      <Filter>Source Files</Filter>
    </ClCompile>
    <ClCompile Include="..\Game\Display.cpp">
      <Filter>Source Files</Filter>
    </ClCompile>
    <ClCompile Include="..\Game\Subject.cpp">
      <Filter>Source Files</Filter>
    </ClCompile>
  </ItemGroup>
  <ItemGroup>
    <ClInclude Include="TestCell.h">
      <Filter>Header Files</Filter>
    </ClInclude>
    <ClInclude Include="TestDice.h">
      <Filter>Header Files</Filter>
    </ClInclude>
    <ClInclude Include="TestFighter.h">
      <Filter>Header Files</Filter>
    </ClInclude>
    <ClInclude Include="TestMap.h">
      <Filter>Header Files</Filter>
    </ClInclude>
    <ClInclude Include="TestContainer.h">
      <Filter>Header Files</Filter>
    </ClInclude>
    <ClInclude Include="TestItem.h">
      <Filter>Header Files</Filter>
    </ClInclude>
    <ClInclude Include="CharacterObserverTest.h">
      <Filter>Header Files</Filter>
    </ClInclude>
  </ItemGroup>
  <ItemGroup>
    <Filter Include="Header Files">
      <UniqueIdentifier>{cc49215a-200c-4cfc-a810-17daa164ec80}</UniqueIdentifier>
    </Filter>
    <Filter Include="Source Files">
      <UniqueIdentifier>{1ac55036-db03-46a9-89a4-3499b26a9495}</UniqueIdentifier>
    </Filter>
    <Filter Include="Resource Files">
      <UniqueIdentifier>{d545fa1a-6567-4c10-bf3d-85ac5e068498}</UniqueIdentifier>
    </Filter>
  </ItemGroup>
</Project>